
Microsoft Visual Studio Solution File, Format Version 12.00
# Visual Studio Version 16
VisualStudioVersion = 16.0.31424.327
MinimumVisualStudioVersion = 10.0.40219.1
Project("{FAE04EC0-301F-11D3-BF4B-00C04F79EFBC}") = "MoodAnalyserProblems", "MoodAnalyserProblems\MoodAnalyserProblems.csproj", "{B851DB7E-3577-470D-BDC7-714E49AE8539}"
EndProject
Global
	GlobalSection(SolutionConfigurationPlatforms) = preSolution
		Debug|Any CPU = Debug|Any CPU
		Release|Any CPU = Release|Any CPU
	EndGlobalSection
	GlobalSection(ProjectConfigurationPlatforms) = postSolution
		{B851DB7E-3577-470D-BDC7-714E49AE8539}.Debug|Any CPU.ActiveCfg = Debug|Any CPU
		{B851DB7E-3577-470D-BDC7-714E49AE8539}.Debug|Any CPU.Build.0 = Debug|Any CPU
		{B851DB7E-3577-470D-BDC7-714E49AE8539}.Release|Any CPU.ActiveCfg = Release|Any CPU
		{B851DB7E-3577-470D-BDC7-714E49AE8539}.Release|Any CPU.Build.0 = Release|Any CPU
	EndGlobalSection
	GlobalSection(SolutionProperties) = preSolution
		HideSolutionNode = FALSE
	EndGlobalSection
	GlobalSection(ExtensibilityGlobals) = postSolution
		SolutionGuid = {58FF946D-956D-4D88-A50B-720A21E3FF04}
	EndGlobalSection
EndGlobal
